
Microsoft Visual Studio Solution File, Format Version 12.00
# Visual Studio Version 16
VisualStudioVersion = 16.0.29519.181
MinimumVisualStudioVersion = 10.0.40219.1
Project("{FAE04EC0-301F-11D3-BF4B-00C04F79EFBC}") = "StudyOfExpressionTree", "StudyOfExpressionTree\StudyOfExpressionTree.csproj", "{3ACE615B-E1F7-44ED-90DC-473B0591A829}"
EndProject
Project("{FAE04EC0-301F-11D3-BF4B-00C04F79EFBC}") = "Entitys", "Entitys\Entitys.csproj", "{9DF2F49A-9A78-4797-8F29-3BF3853EB624}"
EndProject
Project("{FAE04EC0-301F-11D3-BF4B-00C04F79EFBC}") = "Common", "Common\Common.csproj", "{366B8096-0F70-42F3-98FF-255A079E3522}"
EndProject
Global
	GlobalSection(SolutionConfigurationPlatforms) = preSolution
		Debug|Any CPU = Debug|Any CPU
		Release|Any CPU = Release|Any CPU
	EndGlobalSection
	GlobalSection(ProjectConfigurationPlatforms) = postSolution
		{3ACE615B-E1F7-44ED-90DC-473B0591A829}.Debug|Any CPU.ActiveCfg = Debug|Any CPU
		{3ACE615B-E1F7-44ED-90DC-473B0591A829}.Debug|Any CPU.Build.0 = Debug|Any CPU
		{3ACE615B-E1F7-44ED-90DC-473B0591A829}.Release|Any CPU.ActiveCfg = Release|Any CPU
		{3ACE615B-E1F7-44ED-90DC-473B0591A829}.Release|Any CPU.Build.0 = Release|Any CPU
		{9DF2F49A-9A78-4797-8F29-3BF3853EB624}.Debug|Any CPU.ActiveCfg = Debug|Any CPU
		{9DF2F49A-9A78-4797-8F29-3BF3853EB624}.Debug|Any CPU.Build.0 = Debug|Any CPU
		{9DF2F49A-9A78-4797-8F29-3BF3853EB624}.Release|Any CPU.ActiveCfg = Release|Any CPU
		{9DF2F49A-9A78-4797-8F29-3BF3853EB624}.Release|Any CPU.Build.0 = Release|Any CPU
		{366B8096-0F70-42F3-98FF-255A079E3522}.Debug|Any CPU.ActiveCfg = Debug|Any CPU
		{366B8096-0F70-42F3-98FF-255A079E3522}.Debug|Any CPU.Build.0 = Debug|Any CPU
		{366B8096-0F70-42F3-98FF-255A079E3522}.Release|Any CPU.ActiveCfg = Release|Any CPU
		{366B8096-0F70-42F3-98FF-255A079E3522}.Release|Any CPU.Build.0 = Release|Any CPU
	EndGlobalSection
	GlobalSection(SolutionProperties) = preSolution
		HideSolutionNode = FALSE
	EndGlobalSection
	GlobalSection(ExtensibilityGlobals) = postSolution
		SolutionGuid = {FD314DF1-AD10-4484-85E5-46F26B92C4A3}
	EndGlobalSection
EndGlobal
